
Microsoft Visual Studio Solution File, Format Version 12.00
# Visual Studio Version 17
VisualStudioVersion = 17.10.34916.146
MinimumVisualStudioVersion = 10.0.40219.1
Project("{FAE04EC0-301F-11D3-BF4B-00C04F79EFBC}") = "SagaPattern", "SagaPattern.csproj", "{C7D080EC-56A0-4542-B613-D0606E6CEED6}"
EndProject
Project("{FAE04EC0-301F-11D3-BF4B-00C04F79EFBC}") = "OrderService", "..\OrderService\OrderService.csproj", "{A149378A-A811-4B13-8C59-051F5DC8CA05}"
EndProject
Project("{FAE04EC0-301F-11D3-BF4B-00C04F79EFBC}") = "InventoryService", "..\InventoryService\InventoryService.csproj", "{D45F42D5-2FD4-4115-8F54-A732FB84904D}"
EndProject
Project("{FAE04EC0-301F-11D3-BF4B-00C04F79EFBC}") = "PaymentService", "..\PaymentService\PaymentService.csproj", "{3B3C8532-98D9-47A7-83B9-07D5951AB2FC}"
EndProject
Project("{FAE04EC0-301F-11D3-BF4B-00C04F79EFBC}") = "SagaOrchestrator", "..\SagaOrchestrator\SagaOrchestrator.csproj", "{3899DDA4-5A44-419E-80DE-107E90208064}"
EndProject
Global
	GlobalSection(SolutionConfigurationPlatforms) = preSolution
		Debug|Any CPU = Debug|Any CPU
		Release|Any CPU = Release|Any CPU
	EndGlobalSection
	GlobalSection(ProjectConfigurationPlatforms) = postSolution
		{C7D080EC-56A0-4542-B613-D0606E6CEED6}.Debug|Any CPU.ActiveCfg = Debug|Any CPU
		{C7D080EC-56A0-4542-B613-D0606E6CEED6}.Debug|Any CPU.Build.0 = Debug|Any CPU
		{C7D080EC-56A0-4542-B613-D0606E6CEED6}.Release|Any CPU.ActiveCfg = Release|Any CPU
		{C7D080EC-56A0-4542-B613-D0606E6CEED6}.Release|Any CPU.Build.0 = Release|Any CPU
		{A149378A-A811-4B13-8C59-051F5DC8CA05}.Debug|Any CPU.ActiveCfg = Debug|Any CPU
		{A149378A-A811-4B13-8C59-051F5DC8CA05}.Debug|Any CPU.Build.0 = Debug|Any CPU
		{A149378A-A811-4B13-8C59-051F5DC8CA05}.Release|Any CPU.ActiveCfg = Release|Any CPU
		{A149378A-A811-4B13-8C59-051F5DC8CA05}.Release|Any CPU.Build.0 = Release|Any CPU
		{D45F42D5-2FD4-4115-8F54-A732FB84904D}.Debug|Any CPU.ActiveCfg = Debug|Any CPU
		{D45F42D5-2FD4-4115-8F54-A732FB84904D}.Debug|Any CPU.Build.0 = Debug|Any CPU
		{D45F42D5-2FD4-4115-8F54-A732FB84904D}.Release|Any CPU.ActiveCfg = Release|Any CPU
		{D45F42D5-2FD4-4115-8F54-A732FB84904D}.Release|Any CPU.Build.0 = Release|Any CPU
		{3B3C8532-98D9-47A7-83B9-07D5951AB2FC}.Debug|Any CPU.ActiveCfg = Debug|Any CPU
		{3B3C8532-98D9-47A7-83B9-07D5951AB2FC}.Debug|Any CPU.Build.0 = Debug|Any CPU
		{3B3C8532-98D9-47A7-83B9-07D5951AB2FC}.Release|Any CPU.ActiveCfg = Release|Any CPU
		{3B3C8532-98D9-47A7-83B9-07D5951AB2FC}.Release|Any CPU.Build.0 = Release|Any CPU
		{3899DDA4-5A44-419E-80DE-107E90208064}.Debug|Any CPU.ActiveCfg = Debug|Any CPU
		{3899DDA4-5A44-419E-80DE-107E90208064}.Debug|Any CPU.Build.0 = Debug|Any CPU
		{3899DDA4-5A44-419E-80DE-107E90208064}.Release|Any CPU.ActiveCfg = Release|Any CPU
		{3899DDA4-5A44-419E-80DE-107E90208064}.Release|Any CPU.Build.0 = Release|Any CPU
	EndGlobalSection
	GlobalSection(SolutionProperties) = preSolution
		HideSolutionNode = FALSE
	EndGlobalSection
	GlobalSection(ExtensibilityGlobals) = postSolution
		SolutionGuid = {52DDC836-0FC3-495F-A256-E4B58A975456}
	EndGlobalSection
EndGlobal
